{
  "name": "simple-foreignobject",
  "version": "1.0.0",
  "lockfileVersion": 1,
  "requires": true,
  "dependencies": {
    "dom-to-image": {
      "version": "2.6.0",
      "resolved": "https://registry.npmjs.org/dom-to-image/-/dom-to-image-2.6.0.tgz",
      "integrity": "sha1-ilA2CAiMh7HCL5A0rgMuGJiVWGc="
    },
    "prefix-umd": {
      "version": "1.0.0",
      "resolved": "https://registry.npmjs.org/prefix-umd/-/prefix-umd-1.0.0.tgz",
      "integrity": "sha512-ZGqZXZssz6SIb5Vf4vGfEN5d8pDZwiHjQ4MhEloH/YSkKVfxr/IshjOyHTssRuDqdSP3e0pKllIn8LuXpHKOqw=="
    }
  }
}
